// !$*UTF8*$!
{
	archiveVersion = 1;
	classes = {
	};
	objectVersion = 56;
	objects = {

/* Begin PBXBuildFile section */
		03AFD70828AF83F000D032E4 /* CounterApp.swift in Sources */ = {isa = PBXBuildFile; fileRef = 03AFD70728AF83F000D032E4 /* CounterApp.swift */; };
		03AFD70C28AF83F100D032E4 /* Assets.xcassets in Resources */ = {isa = PBXBuildFile; fileRef = 03AFD70B28AF83F100D032E4 /* Assets.xcassets */; };
		03AFD70F28AF83F100D032E4 /* Preview Assets.xcassets in Resources */ = {isa = PBXBuildFile; fileRef = 03AFD70E28AF83F100D032E4 /* Preview Assets.xcassets */; };
		03AFD71928AF83F100D032E4 /* CounterTests.swift in Sources */ = {isa = PBXBuildFile; fileRef = 03AFD71828AF83F100D032E4 /* CounterTests.swift */; };
		03AFD72328AF83F100D032E4 /* CounterUITests.swift in Sources */ = {isa = PBXBuildFile; fileRef = 03AFD72228AF83F100D032E4 /* CounterUITests.swift */; };
		03AFD72528AF83F100D032E4 /* CounterUITestsLaunchTests.swift in Sources */ = {isa = PBXBuildFile; fileRef = 03AFD72428AF83F100D032E4 /* CounterUITestsLaunchTests.swift */; };
		03AFD73328AF84DE00D032E4 /* RootView.swift in Sources */ = {isa = PBXBuildFile; fileRef = 03AFD73128AF84DE00D032E4 /* RootView.swift */; };
		03AFD73428AF84DE00D032E4 /* RootFeature.swift in Sources */ = {isa = PBXBuildFile; fileRef = 03AFD73228AF84DE00D032E4 /* RootFeature.swift */; };
		03AFD73828AF854800D032E4 /* ComposableArchitecture in Frameworks */ = {isa = PBXBuildFile; productRef = 03AFD73728AF854800D032E4 /* ComposableArchitecture */; };
		4068E55028BA36D5001DC10A /* FactClient.swift in Sources */ = {isa = PBXBuildFile; fileRef = 4068E54F28BA36D5001DC10A /* FactClient.swift */; };
		409DC7CD28B0944700E0A5A5 /* CounterView.swift in Sources */ = {isa = PBXBuildFile; fileRef = 409DC7CB28B0944700E0A5A5 /* CounterView.swift */; };
		409DC7CE28B0944700E0A5A5 /* CounterCore.swift in Sources */ = {isa = PBXBuildFile; fileRef = 409DC7CC28B0944700E0A5A5 /* CounterCore.swift */; };
		409DC7D128B0945000E0A5A5 /* FavoriteView.swift in Sources */ = {isa = PBXBuildFile; fileRef = 409DC7CF28B0945000E0A5A5 /* FavoriteView.swift */; };
		409DC7D228B0945000E0A5A5 /* FavoriteCore.swift in Sources */ = {isa = PBXBuildFile; fileRef = 409DC7D028B0945000E0A5A5 /* FavoriteCore.swift */; };
/* End PBXBuildFile section */

/* Begin PBXContainerItemProxy section */
		03AFD71528AF83F100D032E4 /* PBXContainerItemProxy */ = {
			isa = PBXContainerItemProxy;
			containerPortal = 03AFD6FC28AF83F000D032E4 /* Project object */;
			proxyType = 1;
			remoteGlobalIDString = 03AFD70328AF83F000D032E4;
			remoteInfo = Counter;
		};
		03AFD71F28AF83F100D032E4 /* PBXContainerItemProxy */ = {
			isa = PBXContainerItemProxy;
			containerPortal = 03AFD6FC28AF83F000D032E4 /* Project object */;
			proxyType = 1;
			remoteGlobalIDString = 03AFD70328AF83F000D032E4;
			remoteInfo = Counter;
		};
/* End PBXContainerItemProxy section */

/* Begin PBXFileReference section */
		03AFD70428AF83F000D032E4 /* Counter.app */ = {isa = PBXFileReference; explicitFileType = wrapper.application; includeInIndex = 0; path = Counter.app; sourceTree = BUILT_PRODUCTS_DIR; };
		03AFD70728AF83F000D032E4 /* CounterApp.swift */ = {isa = PBXFileReference; lastKnownFileType = sourcecode.swift; path = CounterApp.swift; sourceTree = "<group>"; };
		03AFD70B28AF83F100D032E4 /* Assets.xcassets */ = {isa = PBXFileReference; lastKnownFileType = folder.assetcatalog; path = Assets.xcassets; sourceTree = "<group>"; };
		03AFD70E28AF83F100D032E4 /* Preview Assets.xcassets */ = {isa = PBXFileReference; lastKnownFileType = folder.assetcatalog; path = "Preview Assets.xcassets"; sourceTree = "<group>"; };
		03AFD71428AF83F100D032E4 /* CounterTests.xctest */ = {isa = PBXFileReference; explicitFileType = wrapper.cfbundle; includeInIndex = 0; path = CounterTests.xctest; sourceTree = BUILT_PRODUCTS_DIR; };
		03AFD71828AF83F100D032E4 /* CounterTests.swift */ = {isa = PBXFileReference; lastKnownFileType = sourcecode.swift; path = CounterTests.swift; sourceTree = "<group>"; };
		03AFD71E28AF83F100D032E4 /* CounterUITests.xctest */ = {isa = PBXFileReference; explicitFileType = wrapper.cfbundle; includeInIndex = 0; path = CounterUITests.xctest; sourceTree = BUILT_PRODUCTS_DIR; };
		03AFD72228AF83F100D032E4 /* CounterUITests.swift */ = {isa = PBXFileReference; lastKnownFileType = sourcecode.swift; path = CounterUITests.swift; sourceTree = "<group>"; };
		03AFD72428AF83F100D032E4 /* CounterUITestsLaunchTests.swift */ = {isa = PBXFileReference; lastKnownFileType = sourcecode.swift; path = CounterUITestsLaunchTests.swift; sourceTree = "<group>"; };
		03AFD73128AF84DE00D032E4 /* RootView.swift */ = {isa = PBXFileReference; lastKnownFileType = sourcecode.swift; path = RootView.swift; sourceTree = "<group>"; };
		03AFD73228AF84DE00D032E4 /* RootFeature.swift */ = {isa = PBXFileReference; lastKnownFileType = sourcecode.swift; path = RootFeature.swift; sourceTree = "<group>"; };
		4068E54F28BA36D5001DC10A /* FactClient.swift */ = {isa = PBXFileReference; lastKnownFileType = sourcecode.swift; path = FactClient.swift; sourceTree = "<group>"; };
		407321B828BBC4D100DED879 /* Info.plist */ = {isa = PBXFileReference; lastKnownFileType = text.plist; path = Info.plist; sourceTree = "<group>"; };
		409DC7CB28B0944700E0A5A5 /* CounterView.swift */ = {isa = PBXFileReference; lastKnownFileType = sourcecode.swift; path = CounterView.swift; sourceTree = "<group>"; };
		409DC7CC28B0944700E0A5A5 /* CounterCore.swift */ = {isa = PBXFileReference; lastKnownFileType = sourcecode.swift; path = CounterCore.swift; sourceTree = "<group>"; };
		409DC7CF28B0945000E0A5A5 /* FavoriteView.swift */ = {isa = PBXFileReference; lastKnownFileType = sourcecode.swift; path = FavoriteView.swift; sourceTree = "<group>"; };
		409DC7D028B0945000E0A5A5 /* FavoriteCore.swift */ = {isa = PBXFileReference; lastKnownFileType = sourcecode.swift; path = FavoriteCore.swift; sourceTree = "<group>"; };
/* End PBXFileReference section */

/* Begin PBXFrameworksBuildPhase section */
		03AFD70128AF83F000D032E4 /* Frameworks */ = {
			isa = PBXFrameworksBuildPhase;
			buildActionMask = 2147483647;
			files = (
				03AFD73828AF854800D032E4 /* ComposableArchitecture in Frameworks */,
			);
			runOnlyForDeploymentPostprocessing = 0;
		};
		03AFD71128AF83F100D032E4 /* Frameworks */ = {
			isa = PBXFrameworksBuildPhase;
			buildActionMask = 2147483647;
			files = (
			);
			runOnlyForDeploymentPostprocessing = 0;
		};
		03AFD71B28AF83F100D032E4 /* Frameworks */ = {
			isa = PBXFrameworksBuildPhase;
			buildActionMask = 2147483647;
			files = (
			);
			runOnlyForDeploymentPostprocessing = 0;
		};
/* End PBXFrameworksBuildPhase section */

/* Begin PBXGroup section */
		03AFD6FB28AF83F000D032E4 = {
			isa = PBXGroup;
			children = (
				03AFD70628AF83F000D032E4 /* Counter */,
				03AFD71728AF83F100D032E4 /* CounterTests */,
				03AFD72128AF83F100D032E4 /* CounterUITests */,
				03AFD70528AF83F000D032E4 /* Products */,
			);
			sourceTree = "<group>";
		};
		03AFD70528AF83F000D032E4 /* Products */ = {
			isa = PBXGroup;
			children = (
				03AFD70428AF83F000D032E4 /* Counter.app */,
				03AFD71428AF83F100D032E4 /* CounterTests.xctest */,
				03AFD71E28AF83F100D032E4 /* CounterUITests.xctest */,
			);
			name = Products;
			sourceTree = "<group>";
		};
		03AFD70628AF83F000D032E4 /* Counter */ = {
			isa = PBXGroup;
			children = (
				407321B828BBC4D100DED879 /* Info.plist */,
				03AFD73528AF84E200D032E4 /* App */,
				03AFD70B28AF83F100D032E4 /* Assets.xcassets */,
				03AFD70D28AF83F100D032E4 /* Preview Content */,
			);
			path = Counter;
			sourceTree = "<group>";
		};
		03AFD70D28AF83F100D032E4 /* Preview Content */ = {
			isa = PBXGroup;
			children = (
				03AFD70E28AF83F100D032E4 /* Preview Assets.xcassets */,
			);
			path = "Preview Content";
			sourceTree = "<group>";
		};
		03AFD71728AF83F100D032E4 /* CounterTests */ = {
			isa = PBXGroup;
			children = (
				03AFD71828AF83F100D032E4 /* CounterTests.swift */,
			);
			path = CounterTests;
			sourceTree = "<group>";
		};
		03AFD72128AF83F100D032E4 /* CounterUITests */ = {
			isa = PBXGroup;
			children = (
				03AFD72228AF83F100D032E4 /* CounterUITests.swift */,
				03AFD72428AF83F100D032E4 /* CounterUITestsLaunchTests.swift */,
			);
			path = CounterUITests;
			sourceTree = "<group>";
		};
		03AFD73528AF84E200D032E4 /* App */ = {
			isa = PBXGroup;
			children = (
				03AFD70728AF83F000D032E4 /* CounterApp.swift */,
				03AFD73128AF84DE00D032E4 /* RootView.swift */,
				03AFD73228AF84DE00D032E4 /* RootFeature.swift */,
				409DC7C928B0942A00E0A5A5 /* Counter */,
				409DC7CA28B0943600E0A5A5 /* Favorite */,
				4068E54E28BA36C1001DC10A /* Client */,
			);
			path = App;
			sourceTree = "<group>";
		};
		4068E54E28BA36C1001DC10A /* Client */ = {
			isa = PBXGroup;
			children = (
				4068E54F28BA36D5001DC10A /* FactClient.swift */,
			);
			path = Client;
			sourceTree = "<group>";
		};
		409DC7C928B0942A00E0A5A5 /* Counter */ = {
			isa = PBXGroup;
			children = (
				409DC7CB28B0944700E0A5A5 /* CounterView.swift */,
				409DC7CC28B0944700E0A5A5 /* CounterCore.swift */,
			);
			path = Counter;
			sourceTree = "<group>";
		};
		409DC7CA28B0943600E0A5A5 /* Favorite */ = {
			isa = PBXGroup;
			children = (
				409DC7CF28B0945000E0A5A5 /* FavoriteView.swift */,
				409DC7D028B0945000E0A5A5 /* FavoriteCore.swift */,
			);
			path = Favorite;
			sourceTree = "<group>";
		};
/* End PBXGroup section */

/* Begin PBXNativeTarget section */
		03AFD70328AF83F000D032E4 /* Counter */ = {
			isa = PBXNativeTarget;
			buildConfigurationList = 03AFD72828AF83F100D032E4 /* Build configuration list for PBXNativeTarget "Counter" */;
			buildPhases = (
				03AFD70028AF83F000D032E4 /* Sources */,
				03AFD70128AF83F000D032E4 /* Frameworks */,
				03AFD70228AF83F000D032E4 /* Resources */,
			);
			buildRules = (
			);
			dependencies = (
			);
			name = Counter;
			packageProductDependencies = (
				03AFD73728AF854800D032E4 /* ComposableArchitecture */,
			);
			productName = Counter;
			productReference = 03AFD70428AF83F000D032E4 /* Counter.app */;
			productType = "com.apple.product-type.application";
		};
		03AFD71328AF83F100D032E4 /* CounterTests */ = {
			isa = PBXNativeTarget;
			buildConfigurationList = 03AFD72B28AF83F100D032E4 /* Build configuration list for PBXNativeTarget "CounterTests" */;
			buildPhases = (
				03AFD71028AF83F100D032E4 /* Sources */,
				03AFD71128AF83F100D032E4 /* Frameworks */,
				03AFD71228AF83F100D032E4 /* Resources */,
			);
			buildRules = (
			);
			dependencies = (
				03AFD71628AF83F100D032E4 /* PBXTargetDependency */,
			);
			name = CounterTests;
			productName = CounterTests;
			productReference = 03AFD71428AF83F100D032E4 /* CounterTests.xctest */;
			productType = "com.apple.product-type.bundle.unit-test";
		};
		03AFD71D28AF83F100D032E4 /* CounterUITests */ = {
			isa = PBXNativeTarget;
			buildConfigurationList = 03AFD72E28AF83F100D032E4 /* Build configuration list for PBXNativeTarget "CounterUITests" */;
			buildPhases = (
				03AFD71A28AF83F100D032E4 /* Sources */,
				03AFD71B28AF83F100D032E4 /* Frameworks */,
				03AFD71C28AF83F100D032E4 /* Resources */,
			);
			buildRules = (
			);
			dependencies = (
				03AFD72028AF83F100D032E4 /* PBXTargetDependency */,
			);
			name = CounterUITests;
			productName = CounterUITests;
			productReference = 03AFD71E28AF83F100D032E4 /* CounterUITests.xctest */;
			productType = "com.apple.product-type.bundle.ui-testing";
		};
/* End PBXNativeTarget section */

/* Begin PBXProject section */
		03AFD6FC28AF83F000D032E4 /* Project object */ = {
			isa = PBXProject;
			attributes = {
				BuildIndependentTargetsInParallel = 1;
				LastSwiftUpdateCheck = 1400;
				LastUpgradeCheck = 1400;
				TargetAttributes = {
					03AFD70328AF83F000D032E4 = {
						CreatedOnToolsVersion = 14.0;
					};
					03AFD71328AF83F100D032E4 = {
						CreatedOnToolsVersion = 14.0;
						TestTargetID = 03AFD70328AF83F000D032E4;
					};
					03AFD71D28AF83F100D032E4 = {
						CreatedOnToolsVersion = 14.0;
						TestTargetID = 03AFD70328AF83F000D032E4;
					};
				};
			};
			buildConfigurationList = 03AFD6FF28AF83F000D032E4 /* Build configuration list for PBXProject "Counter" */;
			compatibilityVersion = "Xcode 14.0";
			developmentRegion = en;
			hasScannedForEncodings = 0;
			knownRegions = (
				en,
				Base,
			);
			mainGroup = 03AFD6FB28AF83F000D032E4;
			packageReferences = (
				03AFD73628AF854800D032E4 /* XCRemoteSwiftPackageReference "swift-composable-architecture" */,
			);
			productRefGroup = 03AFD70528AF83F000D032E4 /* Products */;
			projectDirPath = "";
			projectRoot = "";
			targets = (
				03AFD70328AF83F000D032E4 /* Counter */,
				03AFD71328AF83F100D032E4 /* CounterTests */,
				03AFD71D28AF83F100D032E4 /* CounterUITests */,
			);
		};
/* End PBXProject section */

/* Begin PBXResourcesBuildPhase section */
		03AFD70228AF83F000D032E4 /* Resources */ = {
			isa = PBXResourcesBuildPhase;
			buildActionMask = 2147483647;
			files = (
				03AFD70F28AF83F100D032E4 /* Preview Assets.xcassets in Resources */,
				03AFD70C28AF83F100D032E4 /* Assets.xcassets in Resources */,
			);
			runOnlyForDeploymentPostprocessing = 0;
		};
		03AFD71228AF83F100D032E4 /* Resources */ = {
			isa = PBXResourcesBuildPhase;
			buildActionMask = 2147483647;
			files = (
			);
			runOnlyForDeploymentPostprocessing = 0;
		};
		03AFD71C28AF83F100D032E4 /* Resources */ = {
			isa = PBXResourcesBuildPhase;
			buildActionMask = 2147483647;
			files = (
			);
			runOnlyForDeploymentPostprocessing = 0;
		};
/* End PBXResourcesBuildPhase section */

/* Begin PBXSourcesBuildPhase section */
		03AFD70028AF83F000D032E4 /* Sources */ = {
			isa = PBXSourcesBuildPhase;
			buildActionMask = 2147483647;
			files = (
				4068E55028BA36D5001DC10A /* FactClient.swift in Sources */,
				03AFD73428AF84DE00D032E4 /* RootFeature.swift in Sources */,
				03AFD70828AF83F000D032E4 /* CounterApp.swift in Sources */,
				03AFD73328AF84DE00D032E4 /* RootView.swift in Sources */,
				409DC7CE28B0944700E0A5A5 /* CounterCore.swift in Sources */,
				409DC7D228B0945000E0A5A5 /* FavoriteCore.swift in Sources */,
				409DC7D128B0945000E0A5A5 /* FavoriteView.swift in Sources */,
				409DC7CD28B0944700E0A5A5 /* CounterView.swift in Sources */,
			);
			runOnlyForDeploymentPostprocessing = 0;
		};
		03AFD71028AF83F100D032E4 /* Sources */ = {
			isa = PBXSourcesBuildPhase;
			buildActionMask = 2147483647;
			files = (
				03AFD71928AF83F100D032E4 /* CounterTests.swift in Sources */,
			);
			runOnlyForDeploymentPostprocessing = 0;
		};
		03AFD71A28AF83F100D032E4 /* Sources */ = {
			isa = PBXSourcesBuildPhase;
			buildActionMask = 2147483647;
			files = (
				03AFD72328AF83F100D032E4 /* CounterUITests.swift in Sources */,
				03AFD72528AF83F100D032E4 /* CounterUITestsLaunchTests.swift in Sources */,
			);
			runOnlyForDeploymentPostprocessing = 0;
		};
/* End PBXSourcesBuildPhase section */

/* Begin PBXTargetDependency section */
		03AFD71628AF83F100D032E4 /* PBXTargetDependency */ = {
			isa = PBXTargetDependency;
			target = 03AFD70328AF83F000D032E4 /* Counter */;
			targetProxy = 03AFD71528AF83F100D032E4 /* PBXContainerItemProxy */;
		};
		03AFD72028AF83F100D032E4 /* PBXTargetDependency */ = {
			isa = PBXTargetDependency;
			target = 03AFD70328AF83F000D032E4 /* Counter */;
			targetProxy = 03AFD71F28AF83F100D032E4 /* PBXContainerItemProxy */;
		};
/* End PBXTargetDependency section */

/* Begin XCBuildConfiguration section */
		03AFD72628AF83F100D032E4 /* Debug */ = {
			isa = XCBuildConfiguration;
			buildSettings = {
				ALWAYS_SEARCH_USER_PATHS = NO;
				CLANG_ANALYZER_NONNULL = YES;
				CLANG_ANALYZER_NUMBER_OBJECT_CONVERSION = YES_AGGRESSIVE;
				CLANG_CXX_LANGUAGE_STANDARD = "gnu++17";
				CLANG_ENABLE_MODULES = YES;
				CLANG_ENABLE_OBJC_ARC = YES;
				CLANG_ENABLE_OBJC_WEAK = YES;
				CLANG_WARN_BLOCK_CAPTURE_AUTORELEASING = YES;
				CLANG_WARN_BOOL_CONVERSION = YES;
				CLANG_WARN_COMMA = YES;
				CLANG_WARN_CONSTANT_CONVERSION = YES;
				CLANG_WARN_DEPRECATED_OBJC_IMPLEMENTATIONS = YES;
				CLANG_WARN_DIRECT_OBJC_ISA_USAGE = YES_ERROR;
				CLANG_WARN_DOCUMENTATION_COMMENTS = YES;
				CLANG_WARN_EMPTY_BODY = YES;
				CLANG_WARN_ENUM_CONVERSION = YES;
				CLANG_WARN_INFINITE_RECURSION = YES;
				CLANG_WARN_INT_CONVERSION = YES;
				CLANG_WARN_NON_LITERAL_NULL_CONVERSION = YES;
				CLANG_WARN_OBJC_IMPLICIT_RETAIN_SELF = YES;
				CLANG_WARN_OBJC_LITERAL_CONVERSION = YES;
				CLANG_WARN_OBJC_ROOT_CLASS = YES_ERROR;
				CLANG_WARN_QUOTED_INCLUDE_IN_FRAMEWORK_HEADER = YES;
				CLANG_WARN_RANGE_LOOP_ANALYSIS = YES;
				CLANG_WARN_STRICT_PROTOTYPES = YES;
				CLANG_WARN_SUSPICIOUS_MOVE = YES;
				CLANG_WARN_UNGUARDED_AVAILABILITY = YES_AGGRESSIVE;
				CLANG_WARN_UNREACHABLE_CODE = YES;
				CLANG_WARN__DUPLICATE_METHOD_MATCH = YES;
				COPY_PHASE_STRIP = NO;
				DEBUG_INFORMATION_FORMAT = dwarf;
				ENABLE_STRICT_OBJC_MSGSEND = YES;
				ENABLE_TESTABILITY = YES;
				GCC_C_LANGUAGE_STANDARD = gnu11;
				GCC_DYNAMIC_NO_PIC = NO;
				GCC_NO_COMMON_BLOCKS = YES;
				GCC_OPTIMIZATION_LEVEL = 0;
				GCC_PREPROCESSOR_DEFINITIONS = (
					"DEBUG=1",
					"$(inherited)",
				);
				GCC_WARN_64_TO_32_BIT_CONVERSION = YES;
				GCC_WARN_ABOUT_RETURN_TYPE = YES_ERROR;
				GCC_WARN_UNDECLARED_SELECTOR = YES;
				GCC_WARN_UNINITIALIZED_AUTOS = YES_AGGRESSIVE;
				GCC_WARN_UNUSED_FUNCTION = YES;
				GCC_WARN_UNUSED_VARIABLE = YES;
				IPHONEOS_DEPLOYMENT_TARGET = 16.0;
				MTL_ENABLE_DEBUG_INFO = INCLUDE_SOURCE;
				MTL_FAST_MATH = YES;
				ONLY_ACTIVE_ARCH = YES;
				SDKROOT = iphoneos;
				SWIFT_ACTIVE_COMPILATION_CONDITIONS = DEBUG;
				SWIFT_OPTIMIZATION_LEVEL = "-Onone";
			};
			name = Debug;
		};
		03AFD72728AF83F100D032E4 /* Release */ = {
			isa = XCBuildConfiguration;
			buildSettings = {
				ALWAYS_SEARCH_USER_PATHS = NO;
				CLANG_ANALYZER_NONNULL = YES;
				CLANG_ANALYZER_NUMBER_OBJECT_CONVERSION = YES_AGGRESSIVE;
				CLANG_CXX_LANGUAGE_STANDARD = "gnu++17";
				CLANG_ENABLE_MODULES = YES;
				CLANG_ENABLE_OBJC_ARC = YES;
				CLANG_ENABLE_OBJC_WEAK = YES;
				CLANG_WARN_BLOCK_CAPTURE_AUTORELEASING = YES;
				CLANG_WARN_BOOL_CONVERSION = YES;
				CLANG_WARN_COMMA = YES;
				CLANG_WARN_CONSTANT_CONVERSION = YES;
				CLANG_WARN_DEPRECATED_OBJC_IMPLEMENTATIONS = YES;
				CLANG_WARN_DIRECT_OBJC_ISA_USAGE = YES_ERROR;
				CLANG_WARN_DOCUMENTATION_COMMENTS = YES;
				CLANG_WARN_EMPTY_BODY = YES;
				CLANG_WARN_ENUM_CONVERSION = YES;
				CLANG_WARN_INFINITE_RECURSION = YES;
				CLANG_WARN_INT_CONVERSION = YES;
				CLANG_WARN_NON_LITERAL_NULL_CONVERSION = YES;
				CLANG_WARN_OBJC_IMPLICIT_RETAIN_SELF = YES;
				CLANG_WARN_OBJC_LITERAL_CONVERSION = YES;
				CLANG_WARN_OBJC_ROOT_CLASS = YES_ERROR;
				CLANG_WARN_QUOTED_INCLUDE_IN_FRAMEWORK_HEADER = YES;
				CLANG_WARN_RANGE_LOOP_ANALYSIS = YES;
				CLANG_WARN_STRICT_PROTOTYPES = YES;
				CLANG_WARN_SUSPICIOUS_MOVE = YES;
				CLANG_WARN_UNGUARDED_AVAILABILITY = YES_AGGRESSIVE;
				CLANG_WARN_UNREACHABLE_CODE = YES;
				CLANG_WARN__DUPLICATE_METHOD_MATCH = YES;
				COPY_PHASE_STRIP = NO;
				DEBUG_INFORMATION_FORMAT = "dwarf-with-dsym";
				ENABLE_NS_ASSERTIONS = NO;
				ENABLE_STRICT_OBJC_MSGSEND = YES;
				GCC_C_LANGUAGE_STANDARD = gnu11;
				GCC_NO_COMMON_BLOCKS = YES;
				GCC_WARN_64_TO_32_BIT_CONVERSION = YES;
				GCC_WARN_ABOUT_RETURN_TYPE = YES_ERROR;
				GCC_WARN_UNDECLARED_SELECTOR = YES;
				GCC_WARN_UNINITIALIZED_AUTOS = YES_AGGRESSIVE;
				GCC_WARN_UNUSED_FUNCTION = YES;
				GCC_WARN_UNUSED_VARIABLE = YES;
				IPHONEOS_DEPLOYMENT_TARGET = 16.0;
				MTL_ENABLE_DEBUG_INFO = NO;
				MTL_FAST_MATH = YES;
				SDKROOT = iphoneos;
				SWIFT_COMPILATION_MODE = wholemodule;
				SWIFT_OPTIMIZATION_LEVEL = "-O";
				VALIDATE_PRODUCT = YES;
			};
			name = Release;
		};
		03AFD72928AF83F100D032E4 /* Debug */ = {
			isa = XCBuildConfiguration;
			buildSettings = {
				ASSETCATALOG_COMPILER_APPICON_NAME = AppIcon;
				ASSETCATALOG_COMPILER_GLOBAL_ACCENT_COLOR_NAME = AccentColor;
				CODE_SIGN_STYLE = Automatic;
				CURRENT_PROJECT_VERSION = 1;
				DEVELOPMENT_ASSET_PATHS = "\"Counter/Preview Content\"";
				DEVELOPMENT_TEAM = "";
				ENABLE_PREVIEWS = YES;
				GENERATE_INFOPLIST_FILE = YES;
				INFOPLIST_FILE = Counter/Info.plist;
				INFOPLIST_KEY_UIApplicationSceneManifest_Generation = YES;
				INFOPLIST_KEY_UIApplicationSupportsIndirectInputEvents = YES;
				INFOPLIST_KEY_UILaunchScreen_Generation = YES;
				INFOPLIST_KEY_UISupportedInterfaceOrientations_iPad = "UIInterfaceOrientationPortrait UIInterfaceOrientationPortraitUpsideDown UIInterfaceOrientationLandscapeLeft UIInterfaceOrientationLandscapeRight";
				INFOPLIST_KEY_UISupportedInterfaceOrientations_iPhone = "UIInterfaceOrientationPortrait UIInterfaceOrientationLandscapeLeft UIInterfaceOrientationLandscapeRight";
				LD_RUNPATH_SEARCH_PATHS = (
					"$(inherited)",
					"@executable_path/Frameworks",
				);
				MARKETING_VERSION = 1.0;
				PRODUCT_BUNDLE_IDENTIFIER = com.havi.Counter;
				PRODUCT_NAME = "$(TARGET_NAME)";
				SWIFT_EMIT_LOC_STRINGS = YES;
				SWIFT_VERSION = 5.0;
				TARGETED_DEVICE_FAMILY = "1,2";
			};
			name = Debug;
		};
		03AFD72A28AF83F100D032E4 /* Release */ = {
			isa = XCBuildConfiguration;
			buildSettings = {
				ASSETCATALOG_COMPILER_APPICON_NAME = AppIcon;
				ASSETCATALOG_COMPILER_GLOBAL_ACCENT_COLOR_NAME = AccentColor;
				CODE_SIGN_STYLE = Automatic;
				CURRENT_PROJECT_VERSION = 1;
				DEVELOPMENT_ASSET_PATHS = "\"Counter/Preview Content\"";
				DEVELOPMENT_TEAM = "";
				ENABLE_PREVIEWS = YES;
				GENERATE_INFOPLIST_FILE = YES;
				INFOPLIST_FILE = Counter/Info.plist;
				INFOPLIST_KEY_UIApplicationSceneManifest_Generation = YES;
				INFOPLIST_KEY_UIApplicationSupportsIndirectInputEvents = YES;
				INFOPLIST_KEY_UILaunchScreen_Generation = YES;
				INFOPLIST_KEY_UISupportedInterfaceOrientations_iPad = "UIInterfaceOrientationPortrait UIInterfaceOrientationPortraitUpsideDown UIInterfaceOrientationLandscapeLeft UIInterfaceOrientationLandscapeRight";
				INFOPLIST_KEY_UISupportedInterfaceOrientations_iPhone = "UIInterfaceOrientationPortrait UIInterfaceOrientationLandscapeLeft UIInterfaceOrientationLandscapeRight";
				LD_RUNPATH_SEARCH_PATHS = (
					"$(inherited)",
					"@executable_path/Frameworks",
				);
				MARKETING_VERSION = 1.0;
				PRODUCT_BUNDLE_IDENTIFIER = com.havi.Counter;
				PRODUCT_NAME = "$(TARGET_NAME)";
				SWIFT_EMIT_LOC_STRINGS = YES;
				SWIFT_VERSION = 5.0;
				TARGETED_DEVICE_FAMILY = "1,2";
			};
			name = Release;
		};
		03AFD72C28AF83F100D032E4 /* Debug */ = {
			isa = XCBuildConfiguration;
			buildSettings = {
				ALWAYS_EMBED_SWIFT_STANDARD_LIBRARIES = YES;
				BUNDLE_LOADER = "$(TEST_HOST)";
				CODE_SIGN_STYLE = Automatic;
				CURRENT_PROJECT_VERSION = 1;
				DEVELOPMENT_TEAM = 33682G444U;
				GENERATE_INFOPLIST_FILE = YES;
				IPHONEOS_DEPLOYMENT_TARGET = 16.0;
				MARKETING_VERSION = 1.0;
				PRODUCT_BUNDLE_IDENTIFIER = com.havi.CounterTests;
				PRODUCT_NAME = "$(TARGET_NAME)";
				SWIFT_EMIT_LOC_STRINGS = NO;
				SWIFT_VERSION = 5.0;
				TARGETED_DEVICE_FAMILY = "1,2";
				TEST_HOST = "$(BUILT_PRODUCTS_DIR)/Counter.app/$(BUNDLE_EXECUTABLE_FOLDER_PATH)/Counter";
			};
			name = Debug;
		};
		03AFD72D28AF83F100D032E4 /* Release */ = {
			isa = XCBuildConfiguration;
			buildSettings = {
				ALWAYS_EMBED_SWIFT_STANDARD_LIBRARIES = YES;
				BUNDLE_LOADER = "$(TEST_HOST)";
				CODE_SIGN_STYLE = Automatic;
				CURRENT_PROJECT_VERSION = 1;
				DEVELOPMENT_TEAM = 33682G444U;
				GENERATE_INFOPLIST_FILE = YES;
				IPHONEOS_DEPLOYMENT_TARGET = 16.0;
				MARKETING_VERSION = 1.0;
				PRODUCT_BUNDLE_IDENTIFIER = com.havi.CounterTests;
				PRODUCT_NAME = "$(TARGET_NAME)";
				SWIFT_EMIT_LOC_STRINGS = NO;
				SWIFT_VERSION = 5.0;
				TARGETED_DEVICE_FAMILY = "1,2";
				TEST_HOST = "$(BUILT_PRODUCTS_DIR)/Counter.app/$(BUNDLE_EXECUTABLE_FOLDER_PATH)/Counter";
			};
			name = Release;
		};
		03AFD72F28AF83F100D032E4 /* Debug */ = {
			isa = XCBuildConfiguration;
			buildSettings = {
				ALWAYS_EMBED_SWIFT_STANDARD_LIBRARIES = YES;
				CODE_SIGN_STYLE = Automatic;
				CURRENT_PROJECT_VERSION = 1;
				DEVELOPMENT_TEAM = 33682G444U;
				GENERATE_INFOPLIST_FILE = YES;
				MARKETING_VERSION = 1.0;
				PRODUCT_BUNDLE_IDENTIFIER = com.havi.CounterUITests;
				PRODUCT_NAME = "$(TARGET_NAME)";
				SWIFT_EMIT_LOC_STRINGS = NO;
				SWIFT_VERSION = 5.0;
				TARGETED_DEVICE_FAMILY = "1,2";
				TEST_TARGET_NAME = Counter;
			};
			name = Debug;
		};
		03AFD73028AF83F100D032E4 /* Release */ = {
			isa = XCBuildConfiguration;
			buildSettings = {
				ALWAYS_EMBED_SWIFT_STANDARD_LIBRARIES = YES;
				CODE_SIGN_STYLE = Automatic;
				CURRENT_PROJECT_VERSION = 1;
				DEVELOPMENT_TEAM = 33682G444U;
				GENERATE_INFOPLIST_FILE = YES;
				MARKETING_VERSION = 1.0;
				PRODUCT_BUNDLE_IDENTIFIER = com.havi.CounterUITests;
				PRODUCT_NAME = "$(TARGET_NAME)";
				SWIFT_EMIT_LOC_STRINGS = NO;
				SWIFT_VERSION = 5.0;
				TARGETED_DEVICE_FAMILY = "1,2";
				TEST_TARGET_NAME = Counter;
			};
			name = Release;
		};
/* End XCBuildConfiguration section */

/* Begin XCConfigurationList section */
		03AFD6FF28AF83F000D032E4 /* Build configuration list for PBXProject "Counter" */ = {
			isa = XCConfigurationList;
			buildConfigurations = (
				03AFD72628AF83F100D032E4 /* Debug */,
				03AFD72728AF83F100D032E4 /* Release */,
			);
			defaultConfigurationIsVisible = 0;
			defaultConfigurationName = Release;
		};
		03AFD72828AF83F100D032E4 /* Build configuration list for PBXNativeTarget "Counter" */ = {
			isa = XCConfigurationList;
			buildConfigurations = (
				03AFD72928AF83F100D032E4 /* Debug */,
				03AFD72A28AF83F100D032E4 /* Release */,
			);
			defaultConfigurationIsVisible = 0;
			defaultConfigurationName = Release;
		};
		03AFD72B28AF83F100D032E4 /* Build configuration list for PBXNativeTarget "CounterTests" */ = {
			isa = XCConfigurationList;
			buildConfigurations = (
				03AFD72C28AF83F100D032E4 /* Debug */,
				03AFD72D28AF83F100D032E4 /* Release */,
			);
			defaultConfigurationIsVisible = 0;
			defaultConfigurationName = Release;
		};
		03AFD72E28AF83F100D032E4 /* Build configuration list for PBXNativeTarget "CounterUITests" */ = {
			isa = XCConfigurationList;
			buildConfigurations = (
				03AFD72F28AF83F100D032E4 /* Debug */,
				03AFD73028AF83F100D032E4 /* Release */,
			);
			defaultConfigurationIsVisible = 0;
			defaultConfigurationName = Release;
		};
/* End XCConfigurationList section */

/* Begin XCRemoteSwiftPackageReference section */
		03AFD73628AF854800D032E4 /* XCRemoteSwiftPackageReference "swift-composable-architecture" */ = {
			isa = XCRemoteSwiftPackageReference;
			repositoryURL = "https://github.com/pointfreeco/swift-composable-architecture";
			requirement = {
				branch = "protocol-beta";
				kind = branch;
			};
		};
/* End XCRemoteSwiftPackageReference section */

/* Begin XCSwiftPackageProductDependency section */
		03AFD73728AF854800D032E4 /* ComposableArchitecture */ = {
			isa = XCSwiftPackageProductDependency;
			package = 03AFD73628AF854800D032E4 /* XCRemoteSwiftPackageReference "swift-composable-architecture" */;
			productName = ComposableArchitecture;
		};
/* End XCSwiftPackageProductDependency section */
	};
	rootObject = 03AFD6FC28AF83F000D032E4 /* Project object */;
}
