// !$*UTF8*$!
{
	archiveVersion = 1;
	classes = {
	};
	objectVersion = 56;
	objects = {

/* Begin PBXBuildFile section */
		03AFD70828AF83F000D032E4 /* CounterDemoApp.swift in Sources */ = {isa = PBXBuildFile; fileRef = 03AFD70728AF83F000D032E4 /* CounterDemoApp.swift */; };
		03AFD70C28AF83F100D032E4 /* Assets.xcassets in Resources */ = {isa = PBXBuildFile; fileRef = 03AFD70B28AF83F100D032E4 /* Assets.xcassets */; };
		03AFD70F28AF83F100D032E4 /* Preview Assets.xcassets in Resources */ = {isa = PBXBuildFile; fileRef = 03AFD70E28AF83F100D032E4 /* Preview Assets.xcassets */; };
		03AFD73328AF84DE00D032E4 /* RootView.swift in Sources */ = {isa = PBXBuildFile; fileRef = 03AFD73128AF84DE00D032E4 /* RootView.swift */; };
		03AFD73428AF84DE00D032E4 /* RootCore.swift in Sources */ = {isa = PBXBuildFile; fileRef = 03AFD73228AF84DE00D032E4 /* RootCore.swift */; };
		4035838F28CDC22800E29198 /* Counter in Frameworks */ = {isa = PBXBuildFile; productRef = 4035838E28CDC22800E29198 /* Counter */; };
		4096E1AD28CDC7C400616DCA /* Favorite in Frameworks */ = {isa = PBXBuildFile; productRef = 4096E1AC28CDC7C400616DCA /* Favorite */; };
/* End PBXBuildFile section */

/* Begin PBXFileReference section */
		0378C05D28D3175D002856DC /* ThirdParty */ = {isa = PBXFileReference; lastKnownFileType = wrapper; path = ThirdParty; sourceTree = "<group>"; };
		03AFD70428AF83F000D032E4 /* CounterDemo.app */ = {isa = PBXFileReference; explicitFileType = wrapper.application; includeInIndex = 0; path = CounterDemo.app; sourceTree = BUILT_PRODUCTS_DIR; };
		03AFD70728AF83F000D032E4 /* CounterDemoApp.swift */ = {isa = PBXFileReference; lastKnownFileType = sourcecode.swift; path = CounterDemoApp.swift; sourceTree = "<group>"; };
		03AFD70B28AF83F100D032E4 /* Assets.xcassets */ = {isa = PBXFileReference; lastKnownFileType = folder.assetcatalog; path = Assets.xcassets; sourceTree = "<group>"; };
		03AFD70E28AF83F100D032E4 /* Preview Assets.xcassets */ = {isa = PBXFileReference; lastKnownFileType = folder.assetcatalog; path = "Preview Assets.xcassets"; sourceTree = "<group>"; };
		03AFD73128AF84DE00D032E4 /* RootView.swift */ = {isa = PBXFileReference; lastKnownFileType = sourcecode.swift; path = RootView.swift; sourceTree = "<group>"; };
		03AFD73228AF84DE00D032E4 /* RootCore.swift */ = {isa = PBXFileReference; lastKnownFileType = sourcecode.swift; path = RootCore.swift; sourceTree = "<group>"; };
		4035838C28CDC1A100E29198 /* Counter */ = {isa = PBXFileReference; lastKnownFileType = wrapper; path = Counter; sourceTree = "<group>"; };
		40648D2B28CDC73200B495E2 /* Favorite */ = {isa = PBXFileReference; lastKnownFileType = wrapper; path = Favorite; sourceTree = "<group>"; };
		407321B828BBC4D100DED879 /* Info.plist */ = {isa = PBXFileReference; lastKnownFileType = text.plist.xml; path = Info.plist; sourceTree = "<group>"; };
/* End PBXFileReference section */

/* Begin PBXFrameworksBuildPhase section */
		03AFD70128AF83F000D032E4 /* Frameworks */ = {
			isa = PBXFrameworksBuildPhase;
			buildActionMask = 2147483647;
			files = (
				4035838F28CDC22800E29198 /* Counter in Frameworks */,
				4096E1AD28CDC7C400616DCA /* Favorite in Frameworks */,
			);
			runOnlyForDeploymentPostprocessing = 0;
		};
/* End PBXFrameworksBuildPhase section */

/* Begin PBXGroup section */
		03AFD6FB28AF83F000D032E4 = {
			isa = PBXGroup;
			children = (
				03AFD70628AF83F000D032E4 /* CounterDemo */,
				4035838C28CDC1A100E29198 /* Counter */,
				40648D2B28CDC73200B495E2 /* Favorite */,
				0378C05D28D3175D002856DC /* ThirdParty */,
				03AFD70528AF83F000D032E4 /* Products */,
				4035838D28CDC22800E29198 /* Frameworks */,
			);
			sourceTree = "<group>";
		};
		03AFD70528AF83F000D032E4 /* Products */ = {
			isa = PBXGroup;
			children = (
				03AFD70428AF83F000D032E4 /* CounterDemo.app */,
			);
			name = Products;
			sourceTree = "<group>";
		};
		03AFD70628AF83F000D032E4 /* CounterDemo */ = {
			isa = PBXGroup;
			children = (
				03AFD73528AF84E200D032E4 /* Sources */,
				406DB66028CDBB43007B17A4 /* Resources */,
			);
			path = CounterDemo;
			sourceTree = "<group>";
		};
		03AFD70D28AF83F100D032E4 /* Preview Content */ = {
			isa = PBXGroup;
			children = (
				03AFD70E28AF83F100D032E4 /* Preview Assets.xcassets */,
			);
			path = "Preview Content";
			sourceTree = "<group>";
		};
		03AFD73528AF84E200D032E4 /* Sources */ = {
			isa = PBXGroup;
			children = (
				03AFD70728AF83F000D032E4 /* CounterDemoApp.swift */,
				03AFD73128AF84DE00D032E4 /* RootView.swift */,
				03AFD73228AF84DE00D032E4 /* RootCore.swift */,
			);
			path = Sources;
			sourceTree = "<group>";
		};
		4035838D28CDC22800E29198 /* Frameworks */ = {
			isa = PBXGroup;
			children = (
			);
			name = Frameworks;
			sourceTree = "<group>";
		};
		406DB66028CDBB43007B17A4 /* Resources */ = {
			isa = PBXGroup;
			children = (
				407321B828BBC4D100DED879 /* Info.plist */,
				03AFD70B28AF83F100D032E4 /* Assets.xcassets */,
				03AFD70D28AF83F100D032E4 /* Preview Content */,
			);
			path = Resources;
			sourceTree = "<group>";
		};
/* End PBXGroup section */

/* Begin PBXNativeTarget section */
		03AFD70328AF83F000D032E4 /* CounterDemo */ = {
			isa = PBXNativeTarget;
			buildConfigurationList = 03AFD72828AF83F100D032E4 /* Build configuration list for PBXNativeTarget "CounterDemo" */;
			buildPhases = (
				03AFD70028AF83F000D032E4 /* Sources */,
				03AFD70128AF83F000D032E4 /* Frameworks */,
				03AFD70228AF83F000D032E4 /* Resources */,
			);
			buildRules = (
			);
			dependencies = (
			);
			name = CounterDemo;
			packageProductDependencies = (
				4035838E28CDC22800E29198 /* Counter */,
				4096E1AC28CDC7C400616DCA /* Favorite */,
			);
			productName = Counter;
			productReference = 03AFD70428AF83F000D032E4 /* CounterDemo.app */;
			productType = "com.apple.product-type.application";
		};
/* End PBXNativeTarget section */

/* Begin PBXProject section */
		03AFD6FC28AF83F000D032E4 /* Project object */ = {
			isa = PBXProject;
			attributes = {
				BuildIndependentTargetsInParallel = 1;
				LastSwiftUpdateCheck = 1400;
				LastUpgradeCheck = 1400;
				TargetAttributes = {
					03AFD70328AF83F000D032E4 = {
						CreatedOnToolsVersion = 14.0;
					};
				};
			};
			buildConfigurationList = 03AFD6FF28AF83F000D032E4 /* Build configuration list for PBXProject "CounterDemo" */;
			compatibilityVersion = "Xcode 14.0";
			developmentRegion = en;
			hasScannedForEncodings = 0;
			knownRegions = (
				en,
				Base,
			);
			mainGroup = 03AFD6FB28AF83F000D032E4;
			packageReferences = (
			);
			productRefGroup = 03AFD70528AF83F000D032E4 /* Products */;
			projectDirPath = "";
			projectRoot = "";
			targets = (
				03AFD70328AF83F000D032E4 /* CounterDemo */,
			);
		};
/* End PBXProject section */

/* Begin PBXResourcesBuildPhase section */
		03AFD70228AF83F000D032E4 /* Resources */ = {
			isa = PBXResourcesBuildPhase;
			buildActionMask = 2147483647;
			files = (
				03AFD70F28AF83F100D032E4 /* Preview Assets.xcassets in Resources */,
				03AFD70C28AF83F100D032E4 /* Assets.xcassets in Resources */,
			);
			runOnlyForDeploymentPostprocessing = 0;
		};
/* End PBXResourcesBuildPhase section */

/* Begin PBXSourcesBuildPhase section */
		03AFD70028AF83F000D032E4 /* Sources */ = {
			isa = PBXSourcesBuildPhase;
			buildActionMask = 2147483647;
			files = (
				03AFD73428AF84DE00D032E4 /* RootCore.swift in Sources */,
				03AFD70828AF83F000D032E4 /* CounterDemoApp.swift in Sources */,
				03AFD73328AF84DE00D032E4 /* RootView.swift in Sources */,
			);
			runOnlyForDeploymentPostprocessing = 0;
		};
/* End PBXSourcesBuildPhase section */

/* Begin XCBuildConfiguration section */
		03AFD72628AF83F100D032E4 /* Debug */ = {
			isa = XCBuildConfiguration;
			buildSettings = {
				ALWAYS_SEARCH_USER_PATHS = NO;
				CLANG_ANALYZER_NONNULL = YES;
				CLANG_ANALYZER_NUMBER_OBJECT_CONVERSION = YES_AGGRESSIVE;
				CLANG_CXX_LANGUAGE_STANDARD = "gnu++17";
				CLANG_ENABLE_MODULES = YES;
				CLANG_ENABLE_OBJC_ARC = YES;
				CLANG_ENABLE_OBJC_WEAK = YES;
				CLANG_WARN_BLOCK_CAPTURE_AUTORELEASING = YES;
				CLANG_WARN_BOOL_CONVERSION = YES;
				CLANG_WARN_COMMA = YES;
				CLANG_WARN_CONSTANT_CONVERSION = YES;
				CLANG_WARN_DEPRECATED_OBJC_IMPLEMENTATIONS = YES;
				CLANG_WARN_DIRECT_OBJC_ISA_USAGE = YES_ERROR;
				CLANG_WARN_DOCUMENTATION_COMMENTS = YES;
				CLANG_WARN_EMPTY_BODY = YES;
				CLANG_WARN_ENUM_CONVERSION = YES;
				CLANG_WARN_INFINITE_RECURSION = YES;
				CLANG_WARN_INT_CONVERSION = YES;
				CLANG_WARN_NON_LITERAL_NULL_CONVERSION = YES;
				CLANG_WARN_OBJC_IMPLICIT_RETAIN_SELF = YES;
				CLANG_WARN_OBJC_LITERAL_CONVERSION = YES;
				CLANG_WARN_OBJC_ROOT_CLASS = YES_ERROR;
				CLANG_WARN_QUOTED_INCLUDE_IN_FRAMEWORK_HEADER = YES;
				CLANG_WARN_RANGE_LOOP_ANALYSIS = YES;
				CLANG_WARN_STRICT_PROTOTYPES = YES;
				CLANG_WARN_SUSPICIOUS_MOVE = YES;
				CLANG_WARN_UNGUARDED_AVAILABILITY = YES_AGGRESSIVE;
				CLANG_WARN_UNREACHABLE_CODE = YES;
				CLANG_WARN__DUPLICATE_METHOD_MATCH = YES;
				COPY_PHASE_STRIP = NO;
				DEBUG_INFORMATION_FORMAT = dwarf;
				ENABLE_STRICT_OBJC_MSGSEND = YES;
				ENABLE_TESTABILITY = YES;
				GCC_C_LANGUAGE_STANDARD = gnu11;
				GCC_DYNAMIC_NO_PIC = NO;
				GCC_NO_COMMON_BLOCKS = YES;
				GCC_OPTIMIZATION_LEVEL = 0;
				GCC_PREPROCESSOR_DEFINITIONS = (
					"DEBUG=1",
					"$(inherited)",
				);
				GCC_WARN_64_TO_32_BIT_CONVERSION = YES;
				GCC_WARN_ABOUT_RETURN_TYPE = YES_ERROR;
				GCC_WARN_UNDECLARED_SELECTOR = YES;
				GCC_WARN_UNINITIALIZED_AUTOS = YES_AGGRESSIVE;
				GCC_WARN_UNUSED_FUNCTION = YES;
				GCC_WARN_UNUSED_VARIABLE = YES;
				IPHONEOS_DEPLOYMENT_TARGET = 16.0;
				MTL_ENABLE_DEBUG_INFO = INCLUDE_SOURCE;
				MTL_FAST_MATH = YES;
				ONLY_ACTIVE_ARCH = YES;
				SDKROOT = iphoneos;
				SWIFT_ACTIVE_COMPILATION_CONDITIONS = DEBUG;
				SWIFT_OPTIMIZATION_LEVEL = "-Onone";
			};
			name = Debug;
		};
		03AFD72728AF83F100D032E4 /* Release */ = {
			isa = XCBuildConfiguration;
			buildSettings = {
				ALWAYS_SEARCH_USER_PATHS = NO;
				CLANG_ANALYZER_NONNULL = YES;
				CLANG_ANALYZER_NUMBER_OBJECT_CONVERSION = YES_AGGRESSIVE;
				CLANG_CXX_LANGUAGE_STANDARD = "gnu++17";
				CLANG_ENABLE_MODULES = YES;
				CLANG_ENABLE_OBJC_ARC = YES;
				CLANG_ENABLE_OBJC_WEAK = YES;
				CLANG_WARN_BLOCK_CAPTURE_AUTORELEASING = YES;
				CLANG_WARN_BOOL_CONVERSION = YES;
				CLANG_WARN_COMMA = YES;
				CLANG_WARN_CONSTANT_CONVERSION = YES;
				CLANG_WARN_DEPRECATED_OBJC_IMPLEMENTATIONS = YES;
				CLANG_WARN_DIRECT_OBJC_ISA_USAGE = YES_ERROR;
				CLANG_WARN_DOCUMENTATION_COMMENTS = YES;
				CLANG_WARN_EMPTY_BODY = YES;
				CLANG_WARN_ENUM_CONVERSION = YES;
				CLANG_WARN_INFINITE_RECURSION = YES;
				CLANG_WARN_INT_CONVERSION = YES;
				CLANG_WARN_NON_LITERAL_NULL_CONVERSION = YES;
				CLANG_WARN_OBJC_IMPLICIT_RETAIN_SELF = YES;
				CLANG_WARN_OBJC_LITERAL_CONVERSION = YES;
				CLANG_WARN_OBJC_ROOT_CLASS = YES_ERROR;
				CLANG_WARN_QUOTED_INCLUDE_IN_FRAMEWORK_HEADER = YES;
				CLANG_WARN_RANGE_LOOP_ANALYSIS = YES;
				CLANG_WARN_STRICT_PROTOTYPES = YES;
				CLANG_WARN_SUSPICIOUS_MOVE = YES;
				CLANG_WARN_UNGUARDED_AVAILABILITY = YES_AGGRESSIVE;
				CLANG_WARN_UNREACHABLE_CODE = YES;
				CLANG_WARN__DUPLICATE_METHOD_MATCH = YES;
				COPY_PHASE_STRIP = NO;
				DEBUG_INFORMATION_FORMAT = "dwarf-with-dsym";
				ENABLE_NS_ASSERTIONS = NO;
				ENABLE_STRICT_OBJC_MSGSEND = YES;
				GCC_C_LANGUAGE_STANDARD = gnu11;
				GCC_NO_COMMON_BLOCKS = YES;
				GCC_WARN_64_TO_32_BIT_CONVERSION = YES;
				GCC_WARN_ABOUT_RETURN_TYPE = YES_ERROR;
				GCC_WARN_UNDECLARED_SELECTOR = YES;
				GCC_WARN_UNINITIALIZED_AUTOS = YES_AGGRESSIVE;
				GCC_WARN_UNUSED_FUNCTION = YES;
				GCC_WARN_UNUSED_VARIABLE = YES;
				IPHONEOS_DEPLOYMENT_TARGET = 16.0;
				MTL_ENABLE_DEBUG_INFO = NO;
				MTL_FAST_MATH = YES;
				SDKROOT = iphoneos;
				SWIFT_COMPILATION_MODE = wholemodule;
				SWIFT_OPTIMIZATION_LEVEL = "-O";
				VALIDATE_PRODUCT = YES;
			};
			name = Release;
		};
		03AFD72928AF83F100D032E4 /* Debug */ = {
			isa = XCBuildConfiguration;
			buildSettings = {
				ASSETCATALOG_COMPILER_APPICON_NAME = AppIcon;
				ASSETCATALOG_COMPILER_GLOBAL_ACCENT_COLOR_NAME = AccentColor;
				CODE_SIGN_STYLE = Automatic;
				CURRENT_PROJECT_VERSION = 1;
				DEVELOPMENT_ASSET_PATHS = "\"CounterDemo/Resources/Preview Content\"";
				DEVELOPMENT_TEAM = "";
				ENABLE_PREVIEWS = YES;
				GENERATE_INFOPLIST_FILE = YES;
				INFOPLIST_FILE = CounterDemo/Resources/Info.plist;
				INFOPLIST_KEY_UIApplicationSceneManifest_Generation = YES;
				INFOPLIST_KEY_UIApplicationSupportsIndirectInputEvents = YES;
				INFOPLIST_KEY_UILaunchScreen_Generation = YES;
				INFOPLIST_KEY_UISupportedInterfaceOrientations_iPad = "UIInterfaceOrientationPortrait UIInterfaceOrientationPortraitUpsideDown UIInterfaceOrientationLandscapeLeft UIInterfaceOrientationLandscapeRight";
				INFOPLIST_KEY_UISupportedInterfaceOrientations_iPhone = "UIInterfaceOrientationPortrait UIInterfaceOrientationLandscapeLeft UIInterfaceOrientationLandscapeRight";
				LD_RUNPATH_SEARCH_PATHS = (
					"$(inherited)",
					"@executable_path/Frameworks",
				);
				MARKETING_VERSION = 1.0;
				PRODUCT_BUNDLE_IDENTIFIER = com.havi.Counter;
				PRODUCT_NAME = "$(TARGET_NAME)";
				SWIFT_EMIT_LOC_STRINGS = YES;
				SWIFT_VERSION = 5.0;
				TARGETED_DEVICE_FAMILY = "1,2";
			};
			name = Debug;
		};
		03AFD72A28AF83F100D032E4 /* Release */ = {
			isa = XCBuildConfiguration;
			buildSettings = {
				ASSETCATALOG_COMPILER_APPICON_NAME = AppIcon;
				ASSETCATALOG_COMPILER_GLOBAL_ACCENT_COLOR_NAME = AccentColor;
				CODE_SIGN_STYLE = Automatic;
				CURRENT_PROJECT_VERSION = 1;
				DEVELOPMENT_ASSET_PATHS = "\"CounterDemo/Resources/Preview Content\"";
				DEVELOPMENT_TEAM = "";
				ENABLE_PREVIEWS = YES;
				GENERATE_INFOPLIST_FILE = YES;
				INFOPLIST_FILE = CounterDemo/Resources/Info.plist;
				INFOPLIST_KEY_UIApplicationSceneManifest_Generation = YES;
				INFOPLIST_KEY_UIApplicationSupportsIndirectInputEvents = YES;
				INFOPLIST_KEY_UILaunchScreen_Generation = YES;
				INFOPLIST_KEY_UISupportedInterfaceOrientations_iPad = "UIInterfaceOrientationPortrait UIInterfaceOrientationPortraitUpsideDown UIInterfaceOrientationLandscapeLeft UIInterfaceOrientationLandscapeRight";
				INFOPLIST_KEY_UISupportedInterfaceOrientations_iPhone = "UIInterfaceOrientationPortrait UIInterfaceOrientationLandscapeLeft UIInterfaceOrientationLandscapeRight";
				LD_RUNPATH_SEARCH_PATHS = (
					"$(inherited)",
					"@executable_path/Frameworks",
				);
				MARKETING_VERSION = 1.0;
				PRODUCT_BUNDLE_IDENTIFIER = com.havi.Counter;
				PRODUCT_NAME = "$(TARGET_NAME)";
				SWIFT_EMIT_LOC_STRINGS = YES;
				SWIFT_VERSION = 5.0;
				TARGETED_DEVICE_FAMILY = "1,2";
			};
			name = Release;
		};
/* End XCBuildConfiguration section */

/* Begin XCConfigurationList section */
		03AFD6FF28AF83F000D032E4 /* Build configuration list for PBXProject "CounterDemo" */ = {
			isa = XCConfigurationList;
			buildConfigurations = (
				03AFD72628AF83F100D032E4 /* Debug */,
				03AFD72728AF83F100D032E4 /* Release */,
			);
			defaultConfigurationIsVisible = 0;
			defaultConfigurationName = Release;
		};
		03AFD72828AF83F100D032E4 /* Build configuration list for PBXNativeTarget "CounterDemo" */ = {
			isa = XCConfigurationList;
			buildConfigurations = (
				03AFD72928AF83F100D032E4 /* Debug */,
				03AFD72A28AF83F100D032E4 /* Release */,
			);
			defaultConfigurationIsVisible = 0;
			defaultConfigurationName = Release;
		};
/* End XCConfigurationList section */

/* Begin XCSwiftPackageProductDependency section */
		4035838E28CDC22800E29198 /* Counter */ = {
			isa = XCSwiftPackageProductDependency;
			productName = Counter;
		};
		4096E1AC28CDC7C400616DCA /* Favorite */ = {
			isa = XCSwiftPackageProductDependency;
			productName = Favorite;
		};
/* End XCSwiftPackageProductDependency section */
	};
	rootObject = 03AFD6FC28AF83F000D032E4 /* Project object */;
}
